{
  "targets": {
    "mt798x": {
      "luci-theme-argon": {
        "repo": "https://github.com/solarflows/luci-theme-argon",
        "branch": "21.02",
        "commit": "7327e1b6f9f3ab40288a583ca561b96152d53e64"
      },
      "cdnspeedtest": {
        "repo": "https://github.com/immortalwrt/packages",
        "branch": null,
        "commit": "25ad600a90980bed1ee76a212f9a5e42b499bb62"
      },
      "luci-app-dnsfilter": {
        "repo": "https://github.com/kiddin9/luci-app-dnsfilter",
        "branch": null,
        "commit": "3a49542e566d8a95cb81b664a05aae29e1f534cf"
      },
      "lucky": {
        "repo": "https://github.com/gdy666/luci-app-lucky",
        "branch": null,
        "commit": "fb11cf85eaca05aba0827497f72f879ce080774f"
      },
      "geo2txt": {
        "repo": "https://github.com/sbwml/luci-app-mosdns",
        "branch": "v5",
        "commit": "bd40245303cd0ba56804d49eed5dbc4be2a082ca"
      },
      "luci-app-passwall2": {
        "repo": "https://github.com/Openwrt-Passwall/openwrt-passwall2",
        "branch": null,
        "commit": "2de5aee7a4c704a5b689fdab47b97a18ad11c1a2"
      },
      "luci-app-wechatpush": {
        "repo": "https://github.com/tty228/luci-app-wechatpush",
        "branch": null,
        "commit": "e7d4d49b14f3755039cc236130afa7cfc65b1e09"
      },
      "tailscale": {
        "repo": "https://github.com/openwrt/packages/",
        "branch": null,
        "commit": "0526d6d9cad0a9052fc9d49572e2f8968a1bf8dd"
      },
      "wrtbwmon": {
        "repo": "https://github.com/padavanonly/immortalwrt-mt798x-24.10",
        "branch": null,
        "commit": "ec9ef10efc65da1e6d1de4e2c043c0e13d08eed8"
      },
      "arp-scan": {
        "repo": "https://github.com/immortalwrt/packages",
        "branch": null,
        "commit": "25ad600a90980bed1ee76a212f9a5e42b499bb62"
      },
      "luci-app-cloudflarespeedtest": {
        "repo": "https://github.com/stevenjoezhang/luci-app-cloudflarespeedtest",
        "branch": null,
        "commit": "aebbcbd686d61e0c9a0c44456d65bc5144395e01"
      },
      "luci-app-ddnsto": {
        "repo": "https://github.com/linkease/ddnsto-openwrt-package",
        "branch": null,
        "commit": "1e884ddab9135d2a42d73cedd98de606b8a6907c"
      },
      "smartdns": {
        "repo": "https://github.com/pymumu/openwrt-smartdns",
        "branch": null,
        "commit": "4be700dc3366275605a2a1996865d83ea9bb9a18"
      },
      "luci-app-smartdns": {
        "repo": "https://github.com/pymumu/luci-app-smartdns",
        "branch": "master",
        "commit": "581e5e816d92d3a663b1b2e331e3f21685968cf1"
      },
      "luci-app-taskplan": {
        "repo": "https://github.com/sirpdboy/luci-app-taskplan",
        "branch": null,
        "commit": "babd67a496a592ad9bd625fbc08db804cff45ab9"
      },
      "luci-app-argon-config": {
        "repo": "https://github.com/jerrykuku/luci-app-argon-config",
        "branch": null,
        "commit": "3f844c467ce5075e2b0dd61ebf7271640eb08da2"
      },
      "zerotier": {
        "repo": "https://github.com/coolsnowwolf/packages",
        "branch": null,
        "commit": "1add1d0c6a81af1e9b56b7a512bcc6201ab32ec5"
      },
      "luci-app-zerotier": {
        "repo": "https://github.com/zhengmz/luci-app-zerotier",
        "branch": null,
        "commit": "e35ead533d78f58203126693accd04f0d83c7f4b"
      },
      "openwrt-passwall-packages": {
        "repo": "https://github.com/Openwrt-Passwall/openwrt-passwall-packages",
        "branch": null,
        "commit": "1af0a5c4fb3a227201683b64d32f61c65db9be72"
      },
      "luci-app-passwall": {
        "repo": "https://github.com/solarflows/openwrt-passwall",
        "branch": "custom",
        "commit": "132a7d2314e795c36efd74392eaf5da1bd212bb1"
      }
    }
  }
}